
Microsoft Visual Studio Solution File, Format Version 12.00
# Visual Studio Version 16
VisualStudioVersion = 16.0.32106.194
MinimumVisualStudioVersion = 10.0.40219.1
Project("{FAE04EC0-301F-11D3-BF4B-00C04F79EFBC}") = "HangManGame2", "HangManGame2\HangManGame2.csproj", "{6A1EC40B-C540-41AE-9B6C-0977447A27DB}"
EndProject
Global
	GlobalSection(SolutionConfigurationPlatforms) = preSolution
		Debug|Any CPU = Debug|Any CPU
		Release|Any CPU = Release|Any CPU
	EndGlobalSection
	GlobalSection(ProjectConfigurationPlatforms) = postSolution
		{6A1EC40B-C540-41AE-9B6C-0977447A27DB}.Debug|Any CPU.ActiveCfg = Debug|Any CPU
		{6A1EC40B-C540-41AE-9B6C-0977447A27DB}.Debug|Any CPU.Build.0 = Debug|Any CPU
		{6A1EC40B-C540-41AE-9B6C-0977447A27DB}.Release|Any CPU.ActiveCfg = Release|Any CPU
		{6A1EC40B-C540-41AE-9B6C-0977447A27DB}.Release|Any CPU.Build.0 = Release|Any CPU
	EndGlobalSection
	GlobalSection(SolutionProperties) = preSolution
		HideSolutionNode = FALSE
	EndGlobalSection
	GlobalSection(ExtensibilityGlobals) = postSolution
		SolutionGuid = {7D28EDD2-DA3E-40BB-8800-48B876AA87C0}
	EndGlobalSection
EndGlobal
